
Microsoft Visual Studio Solution File, Format Version 12.00
# Visual Studio Version 16
VisualStudioVersion = 16.0.30114.105
MinimumVisualStudioVersion = 10.0.40219.1
Project("{9A19103F-16F7-4668-BE54-9A1E7A4F7556}") = "CalendarLib", "CalendarLib\CalendarLib.csproj", "{BD2BAB76-D8BD-4E06-889D-1A63A4EC4A0C}"
EndProject
Project("{FAE04EC0-301F-11D3-BF4B-00C04F79EFBC}") = "UnitTests", "UnitTests\UnitTests.csproj", "{7E94AF50-CD04-481F-951F-29D3248DBCBE}"
EndProject
Project("{FAE04EC0-301F-11D3-BF4B-00C04F79EFBC}") = "Clotho", "D:\Inf\yakim\Clotho\Clotho.csproj", "{F5BA9BB2-68B0-4CB9-A1F5-6D9E6E18A822}"
EndProject
Global
	GlobalSection(SolutionConfigurationPlatforms) = preSolution
		Debug|Any CPU = Debug|Any CPU
		Release|Any CPU = Release|Any CPU
	EndGlobalSection
	GlobalSection(ProjectConfigurationPlatforms) = postSolution
		{BD2BAB76-D8BD-4E06-889D-1A63A4EC4A0C}.Debug|Any CPU.ActiveCfg = Debug|Any CPU
		{BD2BAB76-D8BD-4E06-889D-1A63A4EC4A0C}.Debug|Any CPU.Build.0 = Debug|Any CPU
		{BD2BAB76-D8BD-4E06-889D-1A63A4EC4A0C}.Release|Any CPU.ActiveCfg = Release|Any CPU
		{BD2BAB76-D8BD-4E06-889D-1A63A4EC4A0C}.Release|Any CPU.Build.0 = Release|Any CPU
		{7E94AF50-CD04-481F-951F-29D3248DBCBE}.Debug|Any CPU.ActiveCfg = Debug|Any CPU
		{7E94AF50-CD04-481F-951F-29D3248DBCBE}.Debug|Any CPU.Build.0 = Debug|Any CPU
		{7E94AF50-CD04-481F-951F-29D3248DBCBE}.Release|Any CPU.ActiveCfg = Release|Any CPU
		{7E94AF50-CD04-481F-951F-29D3248DBCBE}.Release|Any CPU.Build.0 = Release|Any CPU
		{F5BA9BB2-68B0-4CB9-A1F5-6D9E6E18A822}.Debug|Any CPU.ActiveCfg = Debug|Any CPU
		{F5BA9BB2-68B0-4CB9-A1F5-6D9E6E18A822}.Debug|Any CPU.Build.0 = Debug|Any CPU
		{F5BA9BB2-68B0-4CB9-A1F5-6D9E6E18A822}.Release|Any CPU.ActiveCfg = Release|Any CPU
		{F5BA9BB2-68B0-4CB9-A1F5-6D9E6E18A822}.Release|Any CPU.Build.0 = Release|Any CPU
	EndGlobalSection
	GlobalSection(SolutionProperties) = preSolution
		HideSolutionNode = FALSE
	EndGlobalSection
	GlobalSection(ExtensibilityGlobals) = postSolution
		SolutionGuid = {FCD9A881-67DF-42B4-B606-6DFE1D1DC999}
	EndGlobalSection
EndGlobal
